// !$*UTF8*$!
{
	archiveVersion = 1;
	classes = {
	};
	objectVersion = 55;
	objects = {

/* Begin PBXBuildFile section */
		01945C3227BB4DC20000E06B /* AppDelegate.swift in Sources */ = {isa = PBXBuildFile; fileRef = 01945C3127BB4DC20000E06B /* AppDelegate.swift */; };
		01945C3427BB4DC20000E06B /* SceneDelegate.swift in Sources */ = {isa = PBXBuildFile; fileRef = 01945C3327BB4DC20000E06B /* SceneDelegate.swift */; };
		01945C3627BB4DC20000E06B /* ViewController.swift in Sources */ = {isa = PBXBuildFile; fileRef = 01945C3527BB4DC20000E06B /* ViewController.swift */; };
		01945C3927BB4DC20000E06B /* Main.storyboard in Resources */ = {isa = PBXBuildFile; fileRef = 01945C3727BB4DC20000E06B /* Main.storyboard */; };
		01945C3B27BB4DC40000E06B /* Assets.xcassets in Resources */ = {isa = PBXBuildFile; fileRef = 01945C3A27BB4DC40000E06B /* Assets.xcassets */; };
		01945C3E27BB4DC40000E06B /* LaunchScreen.storyboard in Resources */ = {isa = PBXBuildFile; fileRef = 01945C3C27BB4DC40000E06B /* LaunchScreen.storyboard */; };
		01945C4827BB4E810000E06B /* ScheduleInfo.swift in Sources */ = {isa = PBXBuildFile; fileRef = 01945C4727BB4E810000E06B /* ScheduleInfo.swift */; };
		01945C4A27BB7B5E0000E06B /* CollectionViewCell.swift in Sources */ = {isa = PBXBuildFile; fileRef = 01945C4927BB7B5E0000E06B /* CollectionViewCell.swift */; };
		01945C4C27BB912F0000E06B /* TopView.swift in Sources */ = {isa = PBXBuildFile; fileRef = 01945C4B27BB912F0000E06B /* TopView.swift */; };
		01945C4E27BBBC110000E06B /* CollectionView.swift in Sources */ = {isa = PBXBuildFile; fileRef = 01945C4D27BBBC110000E06B /* CollectionView.swift */; };
		01945C5127BBD5A10000E06B /* DayStackView.swift in Sources */ = {isa = PBXBuildFile; fileRef = 01945C5027BBD5A10000E06B /* DayStackView.swift */; };
		019E127C27BCDB09007708A7 /* AlertViewController.swift in Sources */ = {isa = PBXBuildFile; fileRef = 019E127B27BCDB09007708A7 /* AlertViewController.swift */; };
		019E127F27BD0E7F007708A7 /* ScheduleView.swift in Sources */ = {isa = PBXBuildFile; fileRef = 019E127E27BD0E7F007708A7 /* ScheduleView.swift */; };
		019E128127BD0F00007708A7 /* Extension+UIColor.swift in Sources */ = {isa = PBXBuildFile; fileRef = 019E128027BD0F00007708A7 /* Extension+UIColor.swift */; };
/* End PBXBuildFile section */

/* Begin PBXFileReference section */
		01945C2E27BB4DC20000E06B /* Calendar.app */ = {isa = PBXFileReference; explicitFileType = wrapper.application; includeInIndex = 0; path = Calendar.app; sourceTree = BUILT_PRODUCTS_DIR; };
		01945C3127BB4DC20000E06B /* AppDelegate.swift */ = {isa = PBXFileReference; lastKnownFileType = sourcecode.swift; path = AppDelegate.swift; sourceTree = "<group>"; };
		01945C3327BB4DC20000E06B /* SceneDelegate.swift */ = {isa = PBXFileReference; lastKnownFileType = sourcecode.swift; path = SceneDelegate.swift; sourceTree = "<group>"; };
		01945C3527BB4DC20000E06B /* ViewController.swift */ = {isa = PBXFileReference; lastKnownFileType = sourcecode.swift; path = ViewController.swift; sourceTree = "<group>"; };
		01945C3827BB4DC20000E06B /* Base */ = {isa = PBXFileReference; lastKnownFileType = file.storyboard; name = Base; path = Base.lproj/Main.storyboard; sourceTree = "<group>"; };
		01945C3A27BB4DC40000E06B /* Assets.xcassets */ = {isa = PBXFileReference; lastKnownFileType = folder.assetcatalog; path = Assets.xcassets; sourceTree = "<group>"; };
		01945C3D27BB4DC40000E06B /* Base */ = {isa = PBXFileReference; lastKnownFileType = file.storyboard; name = Base; path = Base.lproj/LaunchScreen.storyboard; sourceTree = "<group>"; };
		01945C3F27BB4DC40000E06B /* Info.plist */ = {isa = PBXFileReference; lastKnownFileType = text.plist.xml; path = Info.plist; sourceTree = "<group>"; };
		01945C4727BB4E810000E06B /* ScheduleInfo.swift */ = {isa = PBXFileReference; lastKnownFileType = sourcecode.swift; path = ScheduleInfo.swift; sourceTree = "<group>"; };
		01945C4927BB7B5E0000E06B /* CollectionViewCell.swift */ = {isa = PBXFileReference; lastKnownFileType = sourcecode.swift; path = CollectionViewCell.swift; sourceTree = "<group>"; };
		01945C4B27BB912F0000E06B /* TopView.swift */ = {isa = PBXFileReference; lastKnownFileType = sourcecode.swift; path = TopView.swift; sourceTree = "<group>"; };
		01945C4D27BBBC110000E06B /* CollectionView.swift */ = {isa = PBXFileReference; lastKnownFileType = sourcecode.swift; path = CollectionView.swift; sourceTree = "<group>"; };
		01945C5027BBD5A10000E06B /* DayStackView.swift */ = {isa = PBXFileReference; lastKnownFileType = sourcecode.swift; path = DayStackView.swift; sourceTree = "<group>"; };
		019E127B27BCDB09007708A7 /* AlertViewController.swift */ = {isa = PBXFileReference; lastKnownFileType = sourcecode.swift; path = AlertViewController.swift; sourceTree = "<group>"; };
		019E127E27BD0E7F007708A7 /* ScheduleView.swift */ = {isa = PBXFileReference; lastKnownFileType = sourcecode.swift; path = ScheduleView.swift; sourceTree = "<group>"; };
		019E128027BD0F00007708A7 /* Extension+UIColor.swift */ = {isa = PBXFileReference; lastKnownFileType = sourcecode.swift; path = "Extension+UIColor.swift"; sourceTree = "<group>"; };
/* End PBXFileReference section */

/* Begin PBXFrameworksBuildPhase section */
		01945C2B27BB4DC20000E06B /* Frameworks */ = {
			isa = PBXFrameworksBuildPhase;
			buildActionMask = 2147483647;
			files = (
			);
			runOnlyForDeploymentPostprocessing = 0;
		};
/* End PBXFrameworksBuildPhase section */

/* Begin PBXGroup section */
		01945C2527BB4DC20000E06B = {
			isa = PBXGroup;
			children = (
				01945C3027BB4DC20000E06B /* Calendar */,
				01945C2F27BB4DC20000E06B /* Products */,
			);
			sourceTree = "<group>";
		};
		01945C2F27BB4DC20000E06B /* Products */ = {
			isa = PBXGroup;
			children = (
				01945C2E27BB4DC20000E06B /* Calendar.app */,
			);
			name = Products;
			sourceTree = "<group>";
		};
		01945C3027BB4DC20000E06B /* Calendar */ = {
			isa = PBXGroup;
			children = (
				019E127D27BCF9BF007708A7 /* ViewControllers */,
				01945C4F27BBC7F00000E06B /* Views */,
				01945C3127BB4DC20000E06B /* AppDelegate.swift */,
				01945C3327BB4DC20000E06B /* SceneDelegate.swift */,
				01945C3727BB4DC20000E06B /* Main.storyboard */,
				01945C3A27BB4DC40000E06B /* Assets.xcassets */,
				01945C3C27BB4DC40000E06B /* LaunchScreen.storyboard */,
				01945C3F27BB4DC40000E06B /* Info.plist */,
				01945C4727BB4E810000E06B /* ScheduleInfo.swift */,
				019E128027BD0F00007708A7 /* Extension+UIColor.swift */,
			);
			path = Calendar;
			sourceTree = "<group>";
		};
		01945C4F27BBC7F00000E06B /* Views */ = {
			isa = PBXGroup;
			children = (
				01945C4B27BB912F0000E06B /* TopView.swift */,
				01945C4D27BBBC110000E06B /* CollectionView.swift */,
				01945C4927BB7B5E0000E06B /* CollectionViewCell.swift */,
				01945C5027BBD5A10000E06B /* DayStackView.swift */,
				019E127E27BD0E7F007708A7 /* ScheduleView.swift */,
			);
			path = Views;
			sourceTree = "<group>";
		};
		019E127D27BCF9BF007708A7 /* ViewControllers */ = {
			isa = PBXGroup;
			children = (
				01945C3527BB4DC20000E06B /* ViewController.swift */,
				019E127B27BCDB09007708A7 /* AlertViewController.swift */,
			);
			path = ViewControllers;
			sourceTree = "<group>";
		};
/* End PBXGroup section */

/* Begin PBXNativeTarget section */
		01945C2D27BB4DC20000E06B /* Calendar */ = {
			isa = PBXNativeTarget;
			buildConfigurationList = 01945C4227BB4DC40000E06B /* Build configuration list for PBXNativeTarget "Calendar" */;
			buildPhases = (
				01945C2A27BB4DC20000E06B /* Sources */,
				01945C2B27BB4DC20000E06B /* Frameworks */,
				01945C2C27BB4DC20000E06B /* Resources */,
			);
			buildRules = (
			);
			dependencies = (
			);
			name = Calendar;
			productName = Calendar;
			productReference = 01945C2E27BB4DC20000E06B /* Calendar.app */;
			productType = "com.apple.product-type.application";
		};
/* End PBXNativeTarget section */

/* Begin PBXProject section */
		01945C2627BB4DC20000E06B /* Project object */ = {
			isa = PBXProject;
			attributes = {
				BuildIndependentTargetsInParallel = 1;
				LastSwiftUpdateCheck = 1320;
				LastUpgradeCheck = 1320;
				TargetAttributes = {
					01945C2D27BB4DC20000E06B = {
						CreatedOnToolsVersion = 13.2.1;
					};
				};
			};
			buildConfigurationList = 01945C2927BB4DC20000E06B /* Build configuration list for PBXProject "Calendar" */;
			compatibilityVersion = "Xcode 13.0";
			developmentRegion = en;
			hasScannedForEncodings = 0;
			knownRegions = (
				en,
				Base,
			);
			mainGroup = 01945C2527BB4DC20000E06B;
			productRefGroup = 01945C2F27BB4DC20000E06B /* Products */;
			projectDirPath = "";
			projectRoot = "";
			targets = (
				01945C2D27BB4DC20000E06B /* Calendar */,
			);
		};
/* End PBXProject section */

/* Begin PBXResourcesBuildPhase section */
		01945C2C27BB4DC20000E06B /* Resources */ = {
			isa = PBXResourcesBuildPhase;
			buildActionMask = 2147483647;
			files = (
				01945C3E27BB4DC40000E06B /* LaunchScreen.storyboard in Resources */,
				01945C3B27BB4DC40000E06B /* Assets.xcassets in Resources */,
				01945C3927BB4DC20000E06B /* Main.storyboard in Resources */,
			);
			runOnlyForDeploymentPostprocessing = 0;
		};
/* End PBXResourcesBuildPhase section */

/* Begin PBXSourcesBuildPhase section */
		01945C2A27BB4DC20000E06B /* Sources */ = {
			isa = PBXSourcesBuildPhase;
			buildActionMask = 2147483647;
			files = (
				01945C4A27BB7B5E0000E06B /* CollectionViewCell.swift in Sources */,
				01945C3627BB4DC20000E06B /* ViewController.swift in Sources */,
				01945C4E27BBBC110000E06B /* CollectionView.swift in Sources */,
				01945C3227BB4DC20000E06B /* AppDelegate.swift in Sources */,
				01945C4827BB4E810000E06B /* ScheduleInfo.swift in Sources */,
				019E127F27BD0E7F007708A7 /* ScheduleView.swift in Sources */,
				019E127C27BCDB09007708A7 /* AlertViewController.swift in Sources */,
				01945C5127BBD5A10000E06B /* DayStackView.swift in Sources */,
				01945C4C27BB912F0000E06B /* TopView.swift in Sources */,
				01945C3427BB4DC20000E06B /* SceneDelegate.swift in Sources */,
				019E128127BD0F00007708A7 /* Extension+UIColor.swift in Sources */,
			);
			runOnlyForDeploymentPostprocessing = 0;
		};
/* End PBXSourcesBuildPhase section */

/* Begin PBXVariantGroup section */
		01945C3727BB4DC20000E06B /* Main.storyboard */ = {
			isa = PBXVariantGroup;
			children = (
				01945C3827BB4DC20000E06B /* Base */,
			);
			name = Main.storyboard;
			sourceTree = "<group>";
		};
		01945C3C27BB4DC40000E06B /* LaunchScreen.storyboard */ = {
			isa = PBXVariantGroup;
			children = (
				01945C3D27BB4DC40000E06B /* Base */,
			);
			name = LaunchScreen.storyboard;
			sourceTree = "<group>";
		};
/* End PBXVariantGroup section */

/* Begin XCBuildConfiguration section */
		01945C4027BB4DC40000E06B /* Debug */ = {
			isa = XCBuildConfiguration;
			buildSettings = {
				ALWAYS_SEARCH_USER_PATHS = NO;
				CLANG_ANALYZER_NONNULL = YES;
				CLANG_ANALYZER_NUMBER_OBJECT_CONVERSION = YES_AGGRESSIVE;
				CLANG_CXX_LANGUAGE_STANDARD = "gnu++17";
				CLANG_CXX_LIBRARY = "libc++";
				CLANG_ENABLE_MODULES = YES;
				CLANG_ENABLE_OBJC_ARC = YES;
				CLANG_ENABLE_OBJC_WEAK = YES;
				CLANG_WARN_BLOCK_CAPTURE_AUTORELEASING = YES;
				CLANG_WARN_BOOL_CONVERSION = YES;
				CLANG_WARN_COMMA = YES;
				CLANG_WARN_CONSTANT_CONVERSION = YES;
				CLANG_WARN_DEPRECATED_OBJC_IMPLEMENTATIONS = YES;
				CLANG_WARN_DIRECT_OBJC_ISA_USAGE = YES_ERROR;
				CLANG_WARN_DOCUMENTATION_COMMENTS = YES;
				CLANG_WARN_EMPTY_BODY = YES;
				CLANG_WARN_ENUM_CONVERSION = YES;
				CLANG_WARN_INFINITE_RECURSION = YES;
				CLANG_WARN_INT_CONVERSION = YES;
				CLANG_WARN_NON_LITERAL_NULL_CONVERSION = YES;
				CLANG_WARN_OBJC_IMPLICIT_RETAIN_SELF = YES;
				CLANG_WARN_OBJC_LITERAL_CONVERSION = YES;
				CLANG_WARN_OBJC_ROOT_CLASS = YES_ERROR;
				CLANG_WARN_QUOTED_INCLUDE_IN_FRAMEWORK_HEADER = YES;
				CLANG_WARN_RANGE_LOOP_ANALYSIS = YES;
				CLANG_WARN_STRICT_PROTOTYPES = YES;
				CLANG_WARN_SUSPICIOUS_MOVE = YES;
				CLANG_WARN_UNGUARDED_AVAILABILITY = YES_AGGRESSIVE;
				CLANG_WARN_UNREACHABLE_CODE = YES;
				CLANG_WARN__DUPLICATE_METHOD_MATCH = YES;
				COPY_PHASE_STRIP = NO;
				DEBUG_INFORMATION_FORMAT = dwarf;
				ENABLE_STRICT_OBJC_MSGSEND = YES;
				ENABLE_TESTABILITY = YES;
				GCC_C_LANGUAGE_STANDARD = gnu11;
				GCC_DYNAMIC_NO_PIC = NO;
				GCC_NO_COMMON_BLOCKS = YES;
				GCC_OPTIMIZATION_LEVEL = 0;
				GCC_PREPROCESSOR_DEFINITIONS = (
					"DEBUG=1",
					"$(inherited)",
				);
				GCC_WARN_64_TO_32_BIT_CONVERSION = YES;
				GCC_WARN_ABOUT_RETURN_TYPE = YES_ERROR;
				GCC_WARN_UNDECLARED_SELECTOR = YES;
				GCC_WARN_UNINITIALIZED_AUTOS = YES_AGGRESSIVE;
				GCC_WARN_UNUSED_FUNCTION = YES;
				GCC_WARN_UNUSED_VARIABLE = YES;
				IPHONEOS_DEPLOYMENT_TARGET = 15.2;
				MTL_ENABLE_DEBUG_INFO = INCLUDE_SOURCE;
				MTL_FAST_MATH = YES;
				ONLY_ACTIVE_ARCH = YES;
				SDKROOT = iphoneos;
				SWIFT_ACTIVE_COMPILATION_CONDITIONS = DEBUG;
				SWIFT_OPTIMIZATION_LEVEL = "-Onone";
			};
			name = Debug;
		};
		01945C4127BB4DC40000E06B /* Release */ = {
			isa = XCBuildConfiguration;
			buildSettings = {
				ALWAYS_SEARCH_USER_PATHS = NO;
				CLANG_ANALYZER_NONNULL = YES;
				CLANG_ANALYZER_NUMBER_OBJECT_CONVERSION = YES_AGGRESSIVE;
				CLANG_CXX_LANGUAGE_STANDARD = "gnu++17";
				CLANG_CXX_LIBRARY = "libc++";
				CLANG_ENABLE_MODULES = YES;
				CLANG_ENABLE_OBJC_ARC = YES;
				CLANG_ENABLE_OBJC_WEAK = YES;
				CLANG_WARN_BLOCK_CAPTURE_AUTORELEASING = YES;
				CLANG_WARN_BOOL_CONVERSION = YES;
				CLANG_WARN_COMMA = YES;
				CLANG_WARN_CONSTANT_CONVERSION = YES;
				CLANG_WARN_DEPRECATED_OBJC_IMPLEMENTATIONS = YES;
				CLANG_WARN_DIRECT_OBJC_ISA_USAGE = YES_ERROR;
				CLANG_WARN_DOCUMENTATION_COMMENTS = YES;
				CLANG_WARN_EMPTY_BODY = YES;
				CLANG_WARN_ENUM_CONVERSION = YES;
				CLANG_WARN_INFINITE_RECURSION = YES;
				CLANG_WARN_INT_CONVERSION = YES;
				CLANG_WARN_NON_LITERAL_NULL_CONVERSION = YES;
				CLANG_WARN_OBJC_IMPLICIT_RETAIN_SELF = YES;
				CLANG_WARN_OBJC_LITERAL_CONVERSION = YES;
				CLANG_WARN_OBJC_ROOT_CLASS = YES_ERROR;
				CLANG_WARN_QUOTED_INCLUDE_IN_FRAMEWORK_HEADER = YES;
				CLANG_WARN_RANGE_LOOP_ANALYSIS = YES;
				CLANG_WARN_STRICT_PROTOTYPES = YES;
				CLANG_WARN_SUSPICIOUS_MOVE = YES;
				CLANG_WARN_UNGUARDED_AVAILABILITY = YES_AGGRESSIVE;
				CLANG_WARN_UNREACHABLE_CODE = YES;
				CLANG_WARN__DUPLICATE_METHOD_MATCH = YES;
				COPY_PHASE_STRIP = NO;
				DEBUG_INFORMATION_FORMAT = "dwarf-with-dsym";
				ENABLE_NS_ASSERTIONS = NO;
				ENABLE_STRICT_OBJC_MSGSEND = YES;
				GCC_C_LANGUAGE_STANDARD = gnu11;
				GCC_NO_COMMON_BLOCKS = YES;
				GCC_WARN_64_TO_32_BIT_CONVERSION = YES;
				GCC_WARN_ABOUT_RETURN_TYPE = YES_ERROR;
				GCC_WARN_UNDECLARED_SELECTOR = YES;
				GCC_WARN_UNINITIALIZED_AUTOS = YES_AGGRESSIVE;
				GCC_WARN_UNUSED_FUNCTION = YES;
				GCC_WARN_UNUSED_VARIABLE = YES;
				IPHONEOS_DEPLOYMENT_TARGET = 15.2;
				MTL_ENABLE_DEBUG_INFO = NO;
				MTL_FAST_MATH = YES;
				SDKROOT = iphoneos;
				SWIFT_COMPILATION_MODE = wholemodule;
				SWIFT_OPTIMIZATION_LEVEL = "-O";
				VALIDATE_PRODUCT = YES;
			};
			name = Release;
		};
		01945C4327BB4DC40000E06B /* Debug */ = {
			isa = XCBuildConfiguration;
			buildSettings = {
				ASSETCATALOG_COMPILER_APPICON_NAME = AppIcon;
				ASSETCATALOG_COMPILER_GLOBAL_ACCENT_COLOR_NAME = AccentColor;
				CODE_SIGN_STYLE = Automatic;
				CURRENT_PROJECT_VERSION = 1;
				DEVELOPMENT_TEAM = LPHNDVUAA8;
				GENERATE_INFOPLIST_FILE = YES;
				INFOPLIST_FILE = Calendar/Info.plist;
				INFOPLIST_KEY_UIApplicationSupportsIndirectInputEvents = YES;
				INFOPLIST_KEY_UILaunchStoryboardName = LaunchScreen;
				INFOPLIST_KEY_UIMainStoryboardFile = Main;
				INFOPLIST_KEY_UISupportedInterfaceOrientations_iPad = "UIInterfaceOrientationPortrait UIInterfaceOrientationPortraitUpsideDown UIInterfaceOrientationLandscapeLeft UIInterfaceOrientationLandscapeRight";
				INFOPLIST_KEY_UISupportedInterfaceOrientations_iPhone = "UIInterfaceOrientationPortrait UIInterfaceOrientationLandscapeLeft UIInterfaceOrientationLandscapeRight";
				LD_RUNPATH_SEARCH_PATHS = (
					"$(inherited)",
					"@executable_path/Frameworks",
				);
				MARKETING_VERSION = 1.0;
				PRODUCT_BUNDLE_IDENTIFIER = com.jk.Calendar;
				PRODUCT_NAME = "$(TARGET_NAME)";
				SWIFT_EMIT_LOC_STRINGS = YES;
				SWIFT_VERSION = 5.0;
				TARGETED_DEVICE_FAMILY = "1,2";
			};
			name = Debug;
		};
		01945C4427BB4DC40000E06B /* Release */ = {
			isa = XCBuildConfiguration;
			buildSettings = {
				ASSETCATALOG_COMPILER_APPICON_NAME = AppIcon;
				ASSETCATALOG_COMPILER_GLOBAL_ACCENT_COLOR_NAME = AccentColor;
				CODE_SIGN_STYLE = Automatic;
				CURRENT_PROJECT_VERSION = 1;
				DEVELOPMENT_TEAM = LPHNDVUAA8;
				GENERATE_INFOPLIST_FILE = YES;
				INFOPLIST_FILE = Calendar/Info.plist;
				INFOPLIST_KEY_UIApplicationSupportsIndirectInputEvents = YES;
				INFOPLIST_KEY_UILaunchStoryboardName = LaunchScreen;
				INFOPLIST_KEY_UIMainStoryboardFile = Main;
				INFOPLIST_KEY_UISupportedInterfaceOrientations_iPad = "UIInterfaceOrientationPortrait UIInterfaceOrientationPortraitUpsideDown UIInterfaceOrientationLandscapeLeft UIInterfaceOrientationLandscapeRight";
				INFOPLIST_KEY_UISupportedInterfaceOrientations_iPhone = "UIInterfaceOrientationPortrait UIInterfaceOrientationLandscapeLeft UIInterfaceOrientationLandscapeRight";
				LD_RUNPATH_SEARCH_PATHS = (
					"$(inherited)",
					"@executable_path/Frameworks",
				);
				MARKETING_VERSION = 1.0;
				PRODUCT_BUNDLE_IDENTIFIER = com.jk.Calendar;
				PRODUCT_NAME = "$(TARGET_NAME)";
				SWIFT_EMIT_LOC_STRINGS = YES;
				SWIFT_VERSION = 5.0;
				TARGETED_DEVICE_FAMILY = "1,2";
			};
			name = Release;
		};
/* End XCBuildConfiguration section */

/* Begin XCConfigurationList section */
		01945C2927BB4DC20000E06B /* Build configuration list for PBXProject "Calendar" */ = {
			isa = XCConfigurationList;
			buildConfigurations = (
				01945C4027BB4DC40000E06B /* Debug */,
				01945C4127BB4DC40000E06B /* Release */,
			);
			defaultConfigurationIsVisible = 0;
			defaultConfigurationName = Release;
		};
		01945C4227BB4DC40000E06B /* Build configuration list for PBXNativeTarget "Calendar" */ = {
			isa = XCConfigurationList;
			buildConfigurations = (
				01945C4327BB4DC40000E06B /* Debug */,
				01945C4427BB4DC40000E06B /* Release */,
			);
			defaultConfigurationIsVisible = 0;
			defaultConfigurationName = Release;
		};
/* End XCConfigurationList section */
	};
	rootObject = 01945C2627BB4DC20000E06B /* Project object */;
}
